
Microsoft Visual Studio Solution File, Format Version 12.00
# Visual Studio 15
VisualStudioVersion = 15.0.28307.168
MinimumVisualStudioVersion = 10.0.40219.1
Project("{E24C65DC-7377-472B-9ABA-BC803B73C61A}") = "user", ".", "{E66009E6-47F0-4F17-A3FC-8BA139424BEE}"
	ProjectSection(WebsiteProperties) = preProject
		TargetFrameworkMoniker = ".NETFramework,Version%3Dv4.0"
		Debug.AspNetCompiler.VirtualPath = "/localhost_51970"
		Debug.AspNetCompiler.PhysicalPath = "..\..\..\Downloads\Telegram Desktop\user1\user\"
		Debug.AspNetCompiler.TargetPath = "PrecompiledWeb\localhost_51970\"
		Debug.AspNetCompiler.Updateable = "true"
		Debug.AspNetCompiler.ForceOverwrite = "true"
		Debug.AspNetCompiler.FixedNames = "false"
		Debug.AspNetCompiler.Debug = "True"
		Release.AspNetCompiler.VirtualPath = "/localhost_51970"
		Release.AspNetCompiler.PhysicalPath = "..\..\..\Downloads\Telegram Desktop\user1\user\"
		Release.AspNetCompiler.TargetPath = "PrecompiledWeb\localhost_51970\"
		Release.AspNetCompiler.Updateable = "true"
		Release.AspNetCompiler.ForceOverwrite = "true"
		Release.AspNetCompiler.FixedNames = "false"
		Release.AspNetCompiler.Debug = "False"
		VWDPort = "51970"
	EndProjectSection
EndProject
Global
	GlobalSection(SolutionConfigurationPlatforms) = preSolution
		Debug|Any CPU = Debug|Any CPU
	EndGlobalSection
	GlobalSection(ProjectConfigurationPlatforms) = postSolution
		{E66009E6-47F0-4F17-A3FC-8BA139424BEE}.Debug|Any CPU.ActiveCfg = Debug|Any CPU
		{E66009E6-47F0-4F17-A3FC-8BA139424BEE}.Debug|Any CPU.Build.0 = Debug|Any CPU
	EndGlobalSection
	GlobalSection(SolutionProperties) = preSolution
		HideSolutionNode = FALSE
	EndGlobalSection
	GlobalSection(ExtensibilityGlobals) = postSolution
		SolutionGuid = {E6DB1D9E-2CA3-41DE-84FB-6E3CD948CC34}
	EndGlobalSection
EndGlobal
